version = 1
requires-python = ">=3.11"
resolution-markers = [
    "python_full_version < '3.12'",
    "python_full_version >= '3.12'",
]

[[package]]
name = "arrow"
version = "0.15.5"
source = { registry = "https://pypi.org/simple" }
dependencies = [
    { name = "python-dateutil" },
]
sdist = { url = "https://files.pythonhosted.org/packages/17/d0/8a69308a5cf4f07c53dca744402606610ec910dda1a9cdc94b3fc4a0c3a5/arrow-0.15.5.tar.gz", hash = "sha256:5390e464e2c5f76971b60ffa7ee29c598c7501a294bc9f5e6dadcb251a5d027b", size = 82264 }
wheels = [
    { url = "https://files.pythonhosted.org/packages/92/fa/f84896dede5decf284e6922134bf03fd26c90870bbf8015f4e8ee2a07bcc/arrow-0.15.5-py2.py3-none-any.whl", hash = "sha256:70729bcc831da496ca3cb4b7e89472c8e2d27d398908155e0796179f6d2d41ee", size = 46998 },
]

[[package]]
name = "asn1crypto"
version = "1.5.1"
source = { registry = "https://pypi.org/simple" }
sdist = { url = "https://files.pythonhosted.org/packages/de/cf/d547feed25b5244fcb9392e288ff9fdc3280b10260362fc45d37a798a6ee/asn1crypto-1.5.1.tar.gz", hash = "sha256:13ae38502be632115abf8a24cbe5f4da52e3b5231990aff31123c805306ccb9c", size = 121080 }
wheels = [
    { url = "https://files.pythonhosted.org/packages/c9/7f/09065fd9e27da0eda08b4d6897f1c13535066174cc023af248fc2a8d5e5a/asn1crypto-1.5.1-py2.py3-none-any.whl", hash = "sha256:db4e40728b728508912cbb3d44f19ce188f218e9eba635821bb4b68564f8fd67", size = 105045 },
]

[[package]]
name = "azure-common"
version = "1.1.28"
source = { registry = "https://pypi.org/simple" }
sdist = { url = "https://files.pythonhosted.org/packages/3e/71/f6f71a276e2e69264a97ad39ef850dca0a04fce67b12570730cb38d0ccac/azure-common-1.1.28.zip", hash = "sha256:4ac0cd3214e36b6a1b6a442686722a5d8cc449603aa833f3f0f40bda836704a3", size = 20914 }
wheels = [
    { url = "https://files.pythonhosted.org/packages/62/55/7f118b9c1b23ec15ca05d15a578d8207aa1706bc6f7c87218efffbbf875d/azure_common-1.1.28-py2.py3-none-any.whl", hash = "sha256:5c12d3dcf4ec20599ca6b0d3e09e86e146353d443e7fcc050c9a19c1f9df20ad", size = 14462 },
]

[[package]]
name = "azure-storage-blob"
version = "2.1.0"
source = { registry = "https://pypi.org/simple" }
dependencies = [
    { name = "azure-common" },
    { name = "azure-storage-common" },
]
sdist = { url = "https://files.pythonhosted.org/packages/0e/76/bd6eadc0f2b481bcfb43c37caacf77372401fc013c1431861561b794e06a/azure-storage-blob-2.1.0.tar.gz", hash = "sha256:b90323aad60f207f9f90a0c4cf94c10acc313c20b39403398dfba51f25f7b454", size = 83156 }
wheels = [
    { url = "https://files.pythonhosted.org/packages/3e/84/610f379b46d7d3c2d48eadeed6a12b6d46a43100fea70534f5992d0ac996/azure_storage_blob-2.1.0-py2.py3-none-any.whl", hash = "sha256:a8e91a51d4f62d11127c7fd8ba0077385c5b11022f0269f8a2a71b9fc36bef31", size = 88133 },
]

[[package]]
name = "azure-storage-common"
version = "2.1.0"
source = { registry = "https://pypi.org/simple" }
dependencies = [
    { name = "azure-common" },
    { name = "cryptography" },
    { name = "python-dateutil" },
    { name = "requests" },
]
sdist = { url = "https://files.pythonhosted.org/packages/48/12/e074fe454bc327fbe2a61e20d3260473ee4a0fd85387baf249dc83c8e774/azure-storage-common-2.1.0.tar.gz", hash = "sha256:ccedef5c67227bc4d6670ffd37cec18fb529a1b7c3a5e53e4096eb0cf23dc73f", size = 41869 }
wheels = [
    { url = "https://files.pythonhosted.org/packages/6b/a0/6794b318ce0118d1a4053bdf0149a60807407db9b710354f2b203c2f5975/azure_storage_common-2.1.0-py2.py3-none-any.whl", hash = "sha256:b01a491a18839b9d05a4fe3421458a0ddb5ab9443c14e487f40d16f9a1dc2fbe", size = 47778 },
]

[[package]]
name = "backoff"
version = "1.8.0"
source = { registry = "https://pypi.org/simple" }
sdist = { url = "https://files.pythonhosted.org/packages/37/0b/e6d0e14cf95039fbc3b0b0e8370e1cec7bd6294d05dcdb669d0edbfde102/backoff-1.8.0.tar.gz", hash = "sha256:c7187f15339e775aec926dc6e5e42f8a3ad7d3c2b9a6ecae7b535000f70cd838", size = 13984 }
wheels = [
    { url = "https://files.pythonhosted.org/packages/00/b9/b045f0fe02aa80cefc5a6921d5f7674db58c1658d0e4b888562c15ef6aba/backoff-1.8.0-py2.py3-none-any.whl", hash = "sha256:d340bb6f36d025c04214b8925112d8456970e5f28dda46e4f1133bf5c622cb0a", size = 45447 },
]

[[package]]
name = "boto3"
version = "1.9.253"
source = { registry = "https://pypi.org/simple" }
dependencies = [
    { name = "botocore" },
    { name = "jmespath" },
    { name = "s3transfer" },
]
sdist = { url = "https://files.pythonhosted.org/packages/76/3c/700c7e2847ccd09ca9f64f5036447def74eb0909e0260005bbee5ce64c32/boto3-1.9.253.tar.gz", hash = "sha256:d93f1774c4bc66e02acdda2067291acb9e228a035435753cb75f83ad2904cbe3", size = 98345 }
wheels = [
    { url = "https://files.pythonhosted.org/packages/f6/fa/6397049020b312f71c397fff8d10247c2e49da760e2807af7d21e3c23695/boto3-1.9.253-py2.py3-none-any.whl", hash = "sha256:839285fbd6f3ab16170af449ae9e33d0eccf97ca22de17d9ff68b8da2310ea06", size = 128597 },
]

[[package]]
name = "botocore"
version = "1.12.253"
source = { registry = "https://pypi.org/simple" }
dependencies = [
    { name = "docutils" },
    { name = "jmespath" },
    { name = "python-dateutil" },
    { name = "urllib3" },
]
sdist = { url = "https://files.pythonhosted.org/packages/56/28/9ef10dca4aa0d48802765447e3f6371dc218567b0f3038bdb7664ae4f0e0/botocore-1.12.253.tar.gz", hash = "sha256:3baf129118575602ada9926f5166d82d02273c250d0feb313fc270944b27c48b", size = 5940872 }
wheels = [
    { url = "https://files.pythonhosted.org/packages/8e/7b/88f10115b4748f86be6b7b1d8761ba5023fccf6e6cbe762e368f63eddcf9/botocore-1.12.253-py2.py3-none-any.whl", hash = "sha256:dc080aed4f9b220a9e916ca29ca97a9d37e8e1d296fe89cbaeef929bf0c8066b", size = 5748075 },
]

[[package]]
name = "certifi"
version = "2020.12.5"
source = { registry = "https://pypi.org/simple" }
sdist = { url = "https://files.pythonhosted.org/packages/06/a9/cd1fd8ee13f73a4d4f491ee219deeeae20afefa914dfb4c130cfc9dc397a/certifi-2020.12.5.tar.gz", hash = "sha256:1a4995114262bffbc2413b159f2a1a480c969de6e6eb13ee966d470af86af59c", size = 149468 }
wheels = [
    { url = "https://files.pythonhosted.org/packages/5e/a0/5f06e1e1d463903cf0c0eebeb751791119ed7a4b3737fdc9a77f1cdfb51f/certifi-2020.12.5-py2.py3-none-any.whl", hash = "sha256:719a74fb9e33b9bd44cc7f3a8d94bc35e4049deebe19ba7d8e108280cfd59830", size = 147526 },
]

[[package]]
name = "cffi"
version = "1.13.2"
source = { registry = "https://pypi.org/simple" }
dependencies = [
    { name = "pycparser" },
]
sdist = { url = "https://files.pythonhosted.org/packages/2d/bf/960e5a422db3ac1a5e612cb35ca436c3fc985ed4b7ed13a1b4879006f450/cffi-1.13.2.tar.gz", hash = "sha256:599a1e8ff057ac530c9ad1778293c665cb81a791421f46922d80a86473c13346", size = 460243 }

[[package]]
name = "chardet"
version = "3.0.4"
source = { registry = "https://pypi.org/simple" }
sdist = { url = "https://files.pythonhosted.org/packages/fc/bb/a5768c230f9ddb03acc9ef3f0d4a3cf93462473795d18e9535498c8f929d/chardet-3.0.4.tar.gz", hash = "sha256:84ab92ed1c4d4f16916e05906b6b75a6c0fb5db821cc65e70cbd64a3e2a5eaae", size = 1868453 }
wheels = [
    { url = "https://files.pythonhosted.org/packages/bc/a9/01ffebfb562e4274b6487b4bb1ddec7ca55ec7510b22e4c51f14098443b8/chardet-3.0.4-py2.py3-none-any.whl", hash = "sha256:fc323ffcaeaed0e0a02bf4d117757b98aed530d9ed4531e3e15460124c106691", size = 133356 },
]

[[package]]
name = "ciso8601"
version = "2.3.1"
source = { registry = "https://pypi.org/simple" }
sdist = { url = "https://files.pythonhosted.org/packages/ac/bc/cf42c1b0042f91c90a6b00244f63b6fb137af15e43e29f07bb72cf955be8/ciso8601-2.3.1.tar.gz", hash = "sha256:3212c7ffe5d8080270548b5f2692ffd2039683b6628a8d2ad456122cc5793c4c", size = 31225 }
wheels = [
    { url = "https://files.pythonhosted.org/packages/b1/b7/b03313a9ff86a5bec68f2ceece41abd0834fd92c91c7ba4b9a95ea032f35/ciso8601-2.3.1-cp311-cp311-macosx_10_9_universal2.whl", hash = "sha256:9f25647803c9a5aaaed130c53bbec7ea06a4f95ba5c7016f59e444b4ef7ac39e", size = 25077 },
    { url = "https://files.pythonhosted.org/packages/40/36/8260b1b1b63051f90facb659913c5852cd95a17cfd3e7dc243cef4e190a0/ciso8601-2.3.1-cp311-cp311-macosx_10_9_x86_64.whl", hash = "sha256:473288cd63efe6a2cf3f4b5f90394e53095358ccb13d6128f87a2da85d0f389b", size = 16016 },
    { url = "https://files.pythonhosted.org/packages/18/db/237d57669edb78b8262bf78d9cc9638355ec96a49216d12238babfa46861/ciso8601-2.3.1-cp311-cp311-macosx_11_0_arm64.whl", hash = "sha256:121d27c55f4455eaa27ba3bd602beca915df9a352f235e935636a4660321070e", size = 16073 },
    { url = "https://files.pythonhosted.org/packages/ae/25/957d686b0b3640f7a80073f396817dc149e03e3e72665f472deefce04719/ciso8601-2.3.1-cp311-cp311-manylinux_2_5_x86_64.manylinux1_x86_64.manylinux_2_17_x86_64.manylinux2014_x86_64.whl", hash = "sha256:ef44cb4dc83f37019a356c7a72692cbe17072456f4879ca6bc0339f67eee5d00", size = 39062 },
    { url = "https://files.pythonhosted.org/packages/57/1a/3de6285bb4b743edc2af3e19253d72076a2911e985b89fe67a730a06d9ea/ciso8601-2.3.1-cp311-cp311-musllinux_1_1_i686.whl", hash = "sha256:364702e338212b6c1a8643d9399ada21560cf132f363853473560625cb4207f1", size = 48730 },
    { url = "https://files.pythonhosted.org/packages/7b/52/764356d60dcd743d2352a0c24d593ce6df330a7012f8c2ade00e580031df/ciso8601-2.3.1-cp311-cp311-musllinux_1_1_x86_64.whl", hash = "sha256:8acb45545e6a654310c6ef788aacb2d73686646c414ceacdd9f5f78a83165af5", size = 49879 },
    { url = "https://files.pythonhosted.org/packages/5c/24/15ebc33837b116c6c48cf1257e24a3d5c4a176dbb8b6c118315993ea4698/ciso8601-2.3.1-cp311-cp311-win_amd64.whl", hash = "sha256:99addd8b113f85fac549167073f317a318cd2b5841552598ceb97b97c5708a38", size = 17148 },
    { url = "https://files.pythonhosted.org/packages/85/3d/f6496a260ba6e58135fb3dd1108799f6dd9cadf634372e020bfbf0d27fea/ciso8601-2.3.1-cp312-cp312-macosx_10_9_universal2.whl", hash = "sha256:f39bb5936debf21c52e5d52b89f26857c303da80c43a72883946096a6ef5e561", size = 24211 },
    { url = "https://files.pythonhosted.org/packages/c4/a9/24ffa848a5878a50009d6177826c36b60e2e8807e4d54ee94817e790897b/ciso8601-2.3.1-cp312-cp312-macosx_10_9_x86_64.whl", hash = "sha256:21cf83ca945bb26ecd95364ae2c9ed0276378e5fe35ce1b64d4c6d5b33038ea3", size = 15591 },
    { url = "https://files.pythonhosted.org/packages/ea/74/77fd6e67a2a3489a1ac449570142e2f4137289be25027e235d4688470d56/ciso8601-2.3.1-cp312-cp312-macosx_11_0_arm64.whl", hash = "sha256:013410263cba46748d2de29e9894341ae41223356cde7970478c32bd0984d10c", size = 15643 },
    { url = "https://files.pythonhosted.org/packages/5b/bd/fef5524974e3ba376e16df35e4197152edffdf7ac9d5d99bc173a9fcf256/ciso8601-2.3.1-cp312-cp312-manylinux_2_5_x86_64.manylinux1_x86_64.manylinux_2_17_x86_64.manylinux2014_x86_64.whl", hash = "sha256:b26935687ef1837b56997d8c61f1d789e698be58b261410e629eda9c89812141", size = 39805 },
    { url = "https://files.pythonhosted.org/packages/50/1c/d1cb5b2d2173abfc4d5a068981acddff763cce318e896ec87c140412c72d/ciso8601-2.3.1-cp312-cp312-musllinux_1_1_i686.whl", hash = "sha256:0d980a2a88030d4d8b2434623c250866a75b4979d289eba69bec445c51ace99f", size = 48335 },
    { url = "https://files.pythonhosted.org/packages/76/ef/5ef06ccb6f6c023573634119f93df237687e3f4263e2f307b51a7208d103/ciso8601-2.3.1-cp312-cp312-musllinux_1_1_x86_64.whl", hash = "sha256:87721de54e008fb1c4c3978553b05a9c417aa25b76ddf5702d6f7e8d9b109288", size = 49449 },
    { url = "https://files.pythonhosted.org/packages/e6/45/f981bbd51f1c9fa3d730c3fbcb74b1f8928463e6ea8283257f6b164847e6/ciso8601-2.3.1-cp312-cp312-win_amd64.whl", hash = "sha256:9f107a4c051e7c0416824279264d94f4ed3da0fbd82bd96ec3c3293426826de4", size = 17084 },
]

[[package]]
name = "colorama"
version = "0.4.6"
source = { registry = "https://pypi.org/simple" }
sdist = { url = "https://files.pythonhosted.org/packages/d8/53/6f443c9a4a8358a93a6792e2acffb9d9d5cb0a5cfd8802644b7b1c9a02e4/colorama-0.4.6.tar.gz", hash = "sha256:08695f5cb7ed6e0531a20572697297273c47b8cae5a63ffc6d6ed5c201be6e44", size = 27697 }
wheels = [
    { url = "https://files.pythonhosted.org/packages/d1/d6/3965ed04c63042e047cb6a3e6ed1a63a35087b6a609aa3a15ed8ac56c221/colorama-0.4.6-py2.py3-none-any.whl", hash = "sha256:4f1d9991f5acc0ca119f9d443620b77f9d6b33703e51011c16baf57afb285fc6", size = 25335 },
]

[[package]]
name = "cryptography"
version = "2.9.2"
source = { registry = "https://pypi.org/simple" }
dependencies = [
    { name = "cffi" },
    { name = "six" },
]
sdist = { url = "https://files.pythonhosted.org/packages/56/3b/78c6816918fdf2405d62c98e48589112669f36711e50158a0c15d804c30d/cryptography-2.9.2.tar.gz", hash = "sha256:a0c30272fb4ddda5f5ffc1089d7405b7a71b0b0f51993cb4e5dbb4590b2fc229", size = 517571 }
wheels = [
    { url = "https://files.pythonhosted.org/packages/0f/ed/93c2217e732e75c21477c350b2d10a77e08fe2e0065c14644bdb110acfdd/cryptography-2.9.2-cp35-abi3-macosx_10_9_x86_64.whl", hash = "sha256:96c080ae7118c10fcbe6229ab43eb8b090fccd31a09ef55f83f690d1ef619a1d", size = 1784615 },
    { url = "https://files.pythonhosted.org/packages/58/95/f1282ca55649b60afcf617e1e2ca384a2a3e7a5cf91f724cf83c8fbe76a1/cryptography-2.9.2-cp35-abi3-manylinux1_x86_64.whl", hash = "sha256:e993468c859d084d5579e2ebee101de8f5a27ce8e2159959b6673b418fd8c785", size = 2718247 },
    { url = "https://files.pythonhosted.org/packages/3c/04/686efee2dcdd25aecf357992e7d9362f443eb182ecd623f882bc9f7a6bba/cryptography-2.9.2-cp35-abi3-manylinux2010_x86_64.whl", hash = "sha256:88c881dd5a147e08d1bdcf2315c04972381d026cdb803325c03fe2b4a8ed858b", size = 2683125 },
]

[[package]]
name = "docutils"
version = "0.15.2"
source = { registry = "https://pypi.org/simple" }
sdist = { url = "https://files.pythonhosted.org/packages/93/22/953e071b589b0b1fee420ab06a0d15e5aa0c7470eb9966d60393ce58ad61/docutils-0.15.2.tar.gz", hash = "sha256:a2aeea129088da402665e92e0b25b04b073c04b2dce4ab65caaa38b7ce2e1a99", size = 1797388 }
wheels = [
    { url = "https://files.pythonhosted.org/packages/22/cd/a6aa959dca619918ccb55023b4cb151949c64d4d5d55b3f4ffd7eee0c6e8/docutils-0.15.2-py3-none-any.whl", hash = "sha256:6c4f696463b79f1fb8ba0c594b63840ebd41f059e92b31957c46b74a4599b6d0", size = 547604 },
]

[[package]]
name = "idna"
version = "2.9"
source = { registry = "https://pypi.org/simple" }
sdist = { url = "https://files.pythonhosted.org/packages/cb/19/57503b5de719ee45e83472f339f617b0c01ad75cba44aba1e4c97c2b0abd/idna-2.9.tar.gz", hash = "sha256:7588d1c14ae4c77d74036e8c22ff447b26d0fde8f007354fd48a7814db15b7cb", size = 175042 }
wheels = [
    { url = "https://files.pythonhosted.org/packages/89/e3/afebe61c546d18fb1709a61bee788254b40e736cff7271c7de5de2dc4128/idna-2.9-py2.py3-none-any.whl", hash = "sha256:a068a21ceac8a4d63dbfd964670474107f541babbd2250d61922f029858365fa", size = 58388 },
]

[[package]]
name = "ijson"
version = "2.6.1"
source = { registry = "https://pypi.org/simple" }
sdist = { url = "https://files.pythonhosted.org/packages/d0/12/3116e1d5752aa9d480eb58ae4b348d38c1aeaf792c5fbca22e44c27d4bf1/ijson-2.6.1.tar.gz", hash = "sha256:75ebc60b23abfb1c97f475ab5d07a5ed725ad4bd1f58513d8b258c21f02703d0", size = 29393 }

[[package]]
name = "iniconfig"
version = "2.0.0"
source = { registry = "https://pypi.org/simple" }
sdist = { url = "https://files.pythonhosted.org/packages/d7/4b/cbd8e699e64a6f16ca3a8220661b5f83792b3017d0f79807cb8708d33913/iniconfig-2.0.0.tar.gz", hash = "sha256:2d91e135bf72d31a410b17c16da610a82cb55f6b0477d1a902134b24a455b8b3", size = 4646 }
wheels = [
    { url = "https://files.pythonhosted.org/packages/ef/a6/62565a6e1cf69e10f5727360368e451d4b7f58beeac6173dc9db836a5b46/iniconfig-2.0.0-py3-none-any.whl", hash = "sha256:b6a85871a79d2e3b22d2d1b94ac2824226a63c6b741c88f7ae975f18b6778374", size = 5892 },
]

[[package]]
name = "jmespath"
version = "0.10.0"
source = { registry = "https://pypi.org/simple" }
sdist = { url = "https://files.pythonhosted.org/packages/3c/56/3f325b1eef9791759784aa5046a8f6a1aff8f7c898a2e34506771d3b99d8/jmespath-0.10.0.tar.gz", hash = "sha256:b85d0567b8666149a93172712e68920734333c0ce7e89b78b3e987f71e5ed4f9", size = 21607 }
wheels = [
    { url = "https://files.pythonhosted.org/packages/07/cb/5f001272b6faeb23c1c9e0acc04d48eaaf5c862c17709d20e3469c6e0139/jmespath-0.10.0-py2.py3-none-any.whl", hash = "sha256:cdf6525904cc597730141d61b36f2e4b8ecc257c420fa2f4549bac2c2d0cb72f", size = 24489 },
]

[[package]]
name = "jsonschema"
version = "2.6.0"
source = { registry = "https://pypi.org/simple" }
sdist = { url = "https://files.pythonhosted.org/packages/58/b9/171dbb07e18c6346090a37f03c7e74410a1a56123f847efed59af260a298/jsonschema-2.6.0.tar.gz", hash = "sha256:6ff5f3180870836cae40f06fa10419f557208175f13ad7bc26caa77beb1f6e02", size = 53252 }
wheels = [
    { url = "https://files.pythonhosted.org/packages/77/de/47e35a97b2b05c2fadbec67d44cfcdcd09b8086951b331d82de90d2912da/jsonschema-2.6.0-py2.py3-none-any.whl", hash = "sha256:000e68abd33c972a5248544925a0cae7d1125f9bf6c58280d37546b946769a08", size = 39524 },
]

[[package]]
name = "numpy"
version = "2.1.3"
source = { registry = "https://pypi.org/simple" }
sdist = { url = "https://files.pythonhosted.org/packages/25/ca/1166b75c21abd1da445b97bf1fa2f14f423c6cfb4fc7c4ef31dccf9f6a94/numpy-2.1.3.tar.gz", hash = "sha256:aa08e04e08aaf974d4458def539dece0d28146d866a39da5639596f4921fd761", size = 20166090 }
wheels = [
    { url = "https://files.pythonhosted.org/packages/ad/81/c8167192eba5247593cd9d305ac236847c2912ff39e11402e72ae28a4985/numpy-2.1.3-cp311-cp311-macosx_10_9_x86_64.whl", hash = "sha256:4d1167c53b93f1f5d8a139a742b3c6f4d429b54e74e6b57d0eff40045187b15d", size = 21156252 },
    { url = "https://files.pythonhosted.org/packages/da/74/5a60003fc3d8a718d830b08b654d0eea2d2db0806bab8f3c2aca7e18e010/numpy-2.1.3-cp311-cp311-macosx_11_0_arm64.whl", hash = "sha256:c80e4a09b3d95b4e1cac08643f1152fa71a0a821a2d4277334c88d54b2219a41", size = 13784119 },
    { url = "https://files.pythonhosted.org/packages/47/7c/864cb966b96fce5e63fcf25e1e4d957fe5725a635e5f11fe03f39dd9d6b5/numpy-2.1.3-cp311-cp311-macosx_14_0_arm64.whl", hash = "sha256:576a1c1d25e9e02ed7fa5477f30a127fe56debd53b8d2c89d5578f9857d03ca9", size = 5352978 },
    { url = "https://files.pythonhosted.org/packages/09/ac/61d07930a4993dd9691a6432de16d93bbe6aa4b1c12a5e573d468eefc1ca/numpy-2.1.3-cp311-cp311-macosx_14_0_x86_64.whl", hash = "sha256:973faafebaae4c0aaa1a1ca1ce02434554d67e628b8d805e61f874b84e136b09", size = 6892570 },
    { url = "https://files.pythonhosted.org/packages/27/2f/21b94664f23af2bb52030653697c685022119e0dc93d6097c3cb45bce5f9/numpy-2.1.3-cp311-cp311-manylinux_2_17_aarch64.manylinux2014_aarch64.whl", hash = "sha256:762479be47a4863e261a840e8e01608d124ee1361e48b96916f38b119cfda04a", size = 13896715 },
    { url = "https://files.pythonhosted.org/packages/7a/f0/80811e836484262b236c684a75dfc4ba0424bc670e765afaa911468d9f39/numpy-2.1.3-cp311-cp311-manylinux_2_17_x86_64.manylinux2014_x86_64.whl", hash = "sha256:bc6f24b3d1ecc1eebfbf5d6051faa49af40b03be1aaa781ebdadcbc090b4539b", size = 16339644 },
    { url = "https://files.pythonhosted.org/packages/fa/81/ce213159a1ed8eb7d88a2a6ef4fbdb9e4ffd0c76b866c350eb4e3c37e640/numpy-2.1.3-cp311-cp311-musllinux_1_1_x86_64.whl", hash = "sha256:17ee83a1f4fef3c94d16dc1802b998668b5419362c8a4f4e8a491de1b41cc3ee", size = 16712217 },
    { url = "https://files.pythonhosted.org/packages/7d/84/4de0b87d5a72f45556b2a8ee9fc8801e8518ec867fc68260c1f5dcb3903f/numpy-2.1.3-cp311-cp311-musllinux_1_2_aarch64.whl", hash = "sha256:15cb89f39fa6d0bdfb600ea24b250e5f1a3df23f901f51c8debaa6a5d122b2f0", size = 14399053 },
    { url = "https://files.pythonhosted.org/packages/7e/1c/e5fabb9ad849f9d798b44458fd12a318d27592d4bc1448e269dec070ff04/numpy-2.1.3-cp311-cp311-win32.whl", hash = "sha256:d9beb777a78c331580705326d2367488d5bc473b49a9bc3036c154832520aca9", size = 6534741 },
    { url = "https://files.pythonhosted.org/packages/1e/48/a9a4b538e28f854bfb62e1dea3c8fea12e90216a276c7777ae5345ff29a7/numpy-2.1.3-cp311-cp311-win_amd64.whl", hash = "sha256:d89dd2b6da69c4fff5e39c28a382199ddedc3a5be5390115608345dec660b9e2", size = 12869487 },
    { url = "https://files.pythonhosted.org/packages/8a/f0/385eb9970309643cbca4fc6eebc8bb16e560de129c91258dfaa18498da8b/numpy-2.1.3-cp312-cp312-macosx_10_13_x86_64.whl", hash = "sha256:f55ba01150f52b1027829b50d70ef1dafd9821ea82905b63936668403c3b471e", size = 20849658 },
    { url = "https://files.pythonhosted.org/packages/54/4a/765b4607f0fecbb239638d610d04ec0a0ded9b4951c56dc68cef79026abf/numpy-2.1.3-cp312-cp312-macosx_11_0_arm64.whl", hash = "sha256:13138eadd4f4da03074851a698ffa7e405f41a0845a6b1ad135b81596e4e9958", size = 13492258 },
    { url = "https://files.pythonhosted.org/packages/bd/a7/2332679479c70b68dccbf4a8eb9c9b5ee383164b161bee9284ac141fbd33/numpy-2.1.3-cp312-cp312-macosx_14_0_arm64.whl", hash = "sha256:a6b46587b14b888e95e4a24d7b13ae91fa22386c199ee7b418f449032b2fa3b8", size = 5090249 },
    { url = "https://files.pythonhosted.org/packages/c1/67/4aa00316b3b981a822c7a239d3a8135be2a6945d1fd11d0efb25d361711a/numpy-2.1.3-cp312-cp312-macosx_14_0_x86_64.whl", hash = "sha256:0fa14563cc46422e99daef53d725d0c326e99e468a9320a240affffe87852564", size = 6621704 },
    { url = "https://files.pythonhosted.org/packages/5e/da/1a429ae58b3b6c364eeec93bf044c532f2ff7b48a52e41050896cf15d5b1/numpy-2.1.3-cp312-cp312-manylinux_2_17_aarch64.manylinux2014_aarch64.whl", hash = "sha256:8637dcd2caa676e475503d1f8fdb327bc495554e10838019651b76d17b98e512", size = 13606089 },
    { url = "https://files.pythonhosted.org/packages/9e/3e/3757f304c704f2f0294a6b8340fcf2be244038be07da4cccf390fa678a9f/numpy-2.1.3-cp312-cp312-manylinux_2_17_x86_64.manylinux2014_x86_64.whl", hash = "sha256:2312b2aa89e1f43ecea6da6ea9a810d06aae08321609d8dc0d0eda6d946a541b", size = 16043185 },
    { url = "https://files.pythonhosted.org/packages/43/97/75329c28fea3113d00c8d2daf9bc5828d58d78ed661d8e05e234f86f0f6d/numpy-2.1.3-cp312-cp312-musllinux_1_1_x86_64.whl", hash = "sha256:a38c19106902bb19351b83802531fea19dee18e5b37b36454f27f11ff956f7fc", size = 16410751 },
    { url = "https://files.pythonhosted.org/packages/ad/7a/442965e98b34e0ae9da319f075b387bcb9a1e0658276cc63adb8c9686f7b/numpy-2.1.3-cp312-cp312-musllinux_1_2_aarch64.whl", hash = "sha256:02135ade8b8a84011cbb67dc44e07c58f28575cf9ecf8ab304e51c05528c19f0", size = 14082705 },
    { url = "https://files.pythonhosted.org/packages/ac/b6/26108cf2cfa5c7e03fb969b595c93131eab4a399762b51ce9ebec2332e80/numpy-2.1.3-cp312-cp312-win32.whl", hash = "sha256:e6988e90fcf617da2b5c78902fe8e668361b43b4fe26dbf2d7b0f8034d4cafb9", size = 6239077 },
    { url = "https://files.pythonhosted.org/packages/a6/84/fa11dad3404b7634aaab50733581ce11e5350383311ea7a7010f464c0170/numpy-2.1.3-cp312-cp312-win_amd64.whl", hash = "sha256:0d30c543f02e84e92c4b1f415b7c6b5326cbe45ee7882b6b77db7195fb971e3a", size = 12566858 },
    { url = "https://files.pythonhosted.org/packages/4d/0b/620591441457e25f3404c8057eb924d04f161244cb8a3680d529419aa86e/numpy-2.1.3-cp313-cp313-macosx_10_13_x86_64.whl", hash = "sha256:96fe52fcdb9345b7cd82ecd34547fca4321f7656d500eca497eb7ea5a926692f", size = 20836263 },
    { url = "https://files.pythonhosted.org/packages/45/e1/210b2d8b31ce9119145433e6ea78046e30771de3fe353f313b2778142f34/numpy-2.1.3-cp313-cp313-macosx_11_0_arm64.whl", hash = "sha256:f653490b33e9c3a4c1c01d41bc2aef08f9475af51146e4a7710c450cf9761598", size = 13507771 },
    { url = "https://files.pythonhosted.org/packages/55/44/aa9ee3caee02fa5a45f2c3b95cafe59c44e4b278fbbf895a93e88b308555/numpy-2.1.3-cp313-cp313-macosx_14_0_arm64.whl", hash = "sha256:dc258a761a16daa791081d026f0ed4399b582712e6fc887a95af09df10c5ca57", size = 5075805 },
    { url = "https://files.pythonhosted.org/packages/78/d6/61de6e7e31915ba4d87bbe1ae859e83e6582ea14c6add07c8f7eefd8488f/numpy-2.1.3-cp313-cp313-macosx_14_0_x86_64.whl", hash = "sha256:016d0f6f5e77b0f0d45d77387ffa4bb89816b57c835580c3ce8e099ef830befe", size = 6608380 },
    { url = "https://files.pythonhosted.org/packages/3e/46/48bdf9b7241e317e6cf94276fe11ba673c06d1fdf115d8b4ebf616affd1a/numpy-2.1.3-cp313-cp313-manylinux_2_17_aarch64.manylinux2014_aarch64.whl", hash = "sha256:c181ba05ce8299c7aa3125c27b9c2167bca4a4445b7ce73d5febc411ca692e43", size = 13602451 },
    { url = "https://files.pythonhosted.org/packages/70/50/73f9a5aa0810cdccda9c1d20be3cbe4a4d6ea6bfd6931464a44c95eef731/numpy-2.1.3-cp313-cp313-manylinux_2_17_x86_64.manylinux2014_x86_64.whl", hash = "sha256:5641516794ca9e5f8a4d17bb45446998c6554704d888f86df9b200e66bdcce56", size = 16039822 },
    { url = "https://files.pythonhosted.org/packages/ad/cd/098bc1d5a5bc5307cfc65ee9369d0ca658ed88fbd7307b0d49fab6ca5fa5/numpy-2.1.3-cp313-cp313-musllinux_1_1_x86_64.whl", hash = "sha256:ea4dedd6e394a9c180b33c2c872b92f7ce0f8e7ad93e9585312b0c5a04777a4a", size = 16411822 },
    { url = "https://files.pythonhosted.org/packages/83/a2/7d4467a2a6d984549053b37945620209e702cf96a8bc658bc04bba13c9e2/numpy-2.1.3-cp313-cp313-musllinux_1_2_aarch64.whl", hash = "sha256:b0df3635b9c8ef48bd3be5f862cf71b0a4716fa0e702155c45067c6b711ddcef", size = 14079598 },
    { url = "https://files.pythonhosted.org/packages/e9/6a/d64514dcecb2ee70bfdfad10c42b76cab657e7ee31944ff7a600f141d9e9/numpy-2.1.3-cp313-cp313-win32.whl", hash = "sha256:50ca6aba6e163363f132b5c101ba078b8cbd3fa92c7865fd7d4d62d9779ac29f", size = 6236021 },
    { url = "https://files.pythonhosted.org/packages/bb/f9/12297ed8d8301a401e7d8eb6b418d32547f1d700ed3c038d325a605421a4/numpy-2.1.3-cp313-cp313-win_amd64.whl", hash = "sha256:747641635d3d44bcb380d950679462fae44f54b131be347d5ec2bce47d3df9ed", size = 12560405 },
    { url = "https://files.pythonhosted.org/packages/a7/45/7f9244cd792e163b334e3a7f02dff1239d2890b6f37ebf9e82cbe17debc0/numpy-2.1.3-cp313-cp313t-macosx_10_13_x86_64.whl", hash = "sha256:996bb9399059c5b82f76b53ff8bb686069c05acc94656bb259b1d63d04a9506f", size = 20859062 },
    { url = "https://files.pythonhosted.org/packages/b1/b4/a084218e7e92b506d634105b13e27a3a6645312b93e1c699cc9025adb0e1/numpy-2.1.3-cp313-cp313t-macosx_11_0_arm64.whl", hash = "sha256:45966d859916ad02b779706bb43b954281db43e185015df6eb3323120188f9e4", size = 13515839 },
    { url = "https://files.pythonhosted.org/packages/27/45/58ed3f88028dcf80e6ea580311dc3edefdd94248f5770deb980500ef85dd/numpy-2.1.3-cp313-cp313t-macosx_14_0_arm64.whl", hash = "sha256:baed7e8d7481bfe0874b566850cb0b85243e982388b7b23348c6db2ee2b2ae8e", size = 5116031 },
    { url = "https://files.pythonhosted.org/packages/37/a8/eb689432eb977d83229094b58b0f53249d2209742f7de529c49d61a124a0/numpy-2.1.3-cp313-cp313t-macosx_14_0_x86_64.whl", hash = "sha256:a9f7f672a3388133335589cfca93ed468509cb7b93ba3105fce780d04a6576a0", size = 6629977 },
    { url = "https://files.pythonhosted.org/packages/42/a3/5355ad51ac73c23334c7caaed01adadfda49544f646fcbfbb4331deb267b/numpy-2.1.3-cp313-cp313t-manylinux_2_17_aarch64.manylinux2014_aarch64.whl", hash = "sha256:d7aac50327da5d208db2eec22eb11e491e3fe13d22653dce51b0f4109101b408", size = 13575951 },
    { url = "https://files.pythonhosted.org/packages/c4/70/ea9646d203104e647988cb7d7279f135257a6b7e3354ea6c56f8bafdb095/numpy-2.1.3-cp313-cp313t-manylinux_2_17_x86_64.manylinux2014_x86_64.whl", hash = "sha256:4394bc0dbd074b7f9b52024832d16e019decebf86caf909d94f6b3f77a8ee3b6", size = 16022655 },
    { url = "https://files.pythonhosted.org/packages/14/ce/7fc0612903e91ff9d0b3f2eda4e18ef9904814afcae5b0f08edb7f637883/numpy-2.1.3-cp313-cp313t-musllinux_1_1_x86_64.whl", hash = "sha256:50d18c4358a0a8a53f12a8ba9d772ab2d460321e6a93d6064fc22443d189853f", size = 16399902 },
    { url = "https://files.pythonhosted.org/packages/ef/62/1d3204313357591c913c32132a28f09a26357e33ea3c4e2fe81269e0dca1/numpy-2.1.3-cp313-cp313t-musllinux_1_2_aarch64.whl", hash = "sha256:14e253bd43fc6b37af4921b10f6add6925878a42a0c5fe83daee390bca80bc17", size = 14067180 },
    { url = "https://files.pythonhosted.org/packages/24/d7/78a40ed1d80e23a774cb8a34ae8a9493ba1b4271dde96e56ccdbab1620ef/numpy-2.1.3-cp313-cp313t-win32.whl", hash = "sha256:08788d27a5fd867a663f6fc753fd7c3ad7e92747efc73c53bca2f19f8bc06f48", size = 6291907 },
    { url = "https://files.pythonhosted.org/packages/86/09/a5ab407bd7f5f5599e6a9261f964ace03a73e7c6928de906981c31c38082/numpy-2.1.3-cp313-cp313t-win_amd64.whl", hash = "sha256:2564fbdf2b99b3f815f2107c1bbc93e2de8ee655a69c261363a1172a79a257d4", size = 12644098 },
]

[[package]]
name = "oscrypto"
version = "1.3.0"
source = { registry = "https://pypi.org/simple" }
dependencies = [
    { name = "asn1crypto" },
]
sdist = { url = "https://files.pythonhosted.org/packages/06/81/a7654e654a4b30eda06ef9ad8c1b45d1534bfd10b5c045d0c0f6b16fecd2/oscrypto-1.3.0.tar.gz", hash = "sha256:6f5fef59cb5b3708321db7cca56aed8ad7e662853351e7991fcf60ec606d47a4", size = 184590 }
wheels = [
    { url = "https://files.pythonhosted.org/packages/01/7c/fa07d3da2b6253eb8474be16eab2eadf670460e364ccc895ca7ff388ee30/oscrypto-1.3.0-py2.py3-none-any.whl", hash = "sha256:2b2f1d2d42ec152ca90ccb5682f3e051fb55986e1b170ebde472b133713e7085", size = 194553 },
]

[[package]]
name = "packaging"
version = "24.2"
source = { registry = "https://pypi.org/simple" }
sdist = { url = "https://files.pythonhosted.org/packages/d0/63/68dbb6eb2de9cb10ee4c9c14a0148804425e13c4fb20d61cce69f53106da/packaging-24.2.tar.gz", hash = "sha256:c228a6dc5e932d346bc5739379109d49e8853dd8223571c7c5b55260edc0b97f", size = 163950 }
wheels = [
    { url = "https://files.pythonhosted.org/packages/88/ef/eb23f262cca3c0c4eb7ab1933c3b1f03d021f2c48f54763065b6f0e321be/packaging-24.2-py3-none-any.whl", hash = "sha256:09abb1bccd265c01f4a3aa3f7a7db064b36514d2cba19a2f694fe6150451a759", size = 65451 },
]

[[package]]
name = "pandas"
version = "1.3.5"
source = { registry = "https://pypi.org/simple" }
dependencies = [
    { name = "numpy" },
    { name = "python-dateutil" },
    { name = "pytz" },
]
sdist = { url = "https://files.pythonhosted.org/packages/99/f0/f99700ef327e51d291efdf4a6de29e685c4d198cbf8531541fc84d169e0e/pandas-1.3.5.tar.gz", hash = "sha256:1e4285f5de1012de20ca46b188ccf33521bff61ba5c5ebd78b4fb28e5416a9f1", size = 4736591 }

[[package]]
name = "pluggy"
version = "1.5.0"
source = { registry = "https://pypi.org/simple" }
sdist = { url = "https://files.pythonhosted.org/packages/96/2d/02d4312c973c6050a18b314a5ad0b3210edb65a906f868e31c111dede4a6/pluggy-1.5.0.tar.gz", hash = "sha256:2cffa88e94fdc978c4c574f15f9e59b7f4201d439195c3715ca9e2486f1d0cf1", size = 67955 }
wheels = [
    { url = "https://files.pythonhosted.org/packages/88/5f/e351af9a41f866ac3f1fac4ca0613908d9a41741cfcf2228f4ad853b697d/pluggy-1.5.0-py3-none-any.whl", hash = "sha256:44e1ad92c8ca002de6377e165f3e0f1be63266ab4d554740532335b9d75ea669", size = 20556 },
]

[[package]]
name = "psycopg2"
version = "2.8.5"
source = { registry = "https://pypi.org/simple" }
sdist = { url = "https://files.pythonhosted.org/packages/a8/8f/1c5690eebf148d1d1554fc00ccf9101e134636553dbb75bdfef4f85d7647/psycopg2-2.8.5.tar.gz", hash = "sha256:f7d46240f7a1ae1dd95aab38bd74f7428d46531f69219954266d669da60c0818", size = 380874 }

[[package]]
name = "psycopg2-binary"
version = "2.8.5"
source = { registry = "https://pypi.org/simple" }
sdist = { url = "https://files.pythonhosted.org/packages/97/00/ed4c82364741031d745867f83820d4f373aa891098a5785841850491c9ba/psycopg2-binary-2.8.5.tar.gz", hash = "sha256:ccdc6a87f32b491129ada4b87a43b1895cf2c20fdb7f98ad979647506ffc41b6", size = 381745 }

[[package]]
name = "pycparser"
version = "2.22"
source = { registry = "https://pypi.org/simple" }
sdist = { url = "https://files.pythonhosted.org/packages/1d/b2/31537cf4b1ca988837256c910a668b553fceb8f069bedc4b1c826024b52c/pycparser-2.22.tar.gz", hash = "sha256:491c8be9c040f5390f5bf44a5b07752bd07f56edf992381b05c701439eec10f6", size = 172736 }
wheels = [
    { url = "https://files.pythonhosted.org/packages/13/a3/a812df4e2dd5696d1f351d58b8fe16a405b234ad2886a0dab9183fb78109/pycparser-2.22-py3-none-any.whl", hash = "sha256:c3702b6d3dd8c7abc1afa565d7e63d53a1d0bd86cdc24edd75470f4de499cfcc", size = 117552 },
]

[[package]]
name = "pycryptodomex"
version = "3.21.0"
source = { registry = "https://pypi.org/simple" }
sdist = { url = "https://files.pythonhosted.org/packages/11/dc/e66551683ade663b5f07d7b3bc46434bf703491dbd22ee12d1f979ca828f/pycryptodomex-3.21.0.tar.gz", hash = "sha256:222d0bd05381dd25c32dd6065c071ebf084212ab79bab4599ba9e6a3e0009e6c", size = 4818543 }
wheels = [
    { url = "https://files.pythonhosted.org/packages/22/5e/99f217d9881eead69607a2248dd7bbdf610837d7f5ad53f45a6cb71bbbfb/pycryptodomex-3.21.0-cp36-abi3-macosx_10_9_universal2.whl", hash = "sha256:34325b84c8b380675fd2320d0649cdcbc9cf1e0d1526edbe8fce43ed858cdc7e", size = 2499490 },
    { url = "https://files.pythonhosted.org/packages/ce/8f/4d0e2a859a6470289d64e39b419f01d2494dfa2e4995342d50f6c2834237/pycryptodomex-3.21.0-cp36-abi3-macosx_10_9_x86_64.whl", hash = "sha256:103c133d6cd832ae7266feb0a65b69e3a5e4dbbd6f3a3ae3211a557fd653f516", size = 1638037 },
    { url = "https://files.pythonhosted.org/packages/0c/9e/6e748c1fa814c956d356f93cf7192b19487ca56fc9e2a0bcde2bbc057601/pycryptodomex-3.21.0-cp36-abi3-manylinux_2_17_aarch64.manylinux2014_aarch64.whl", hash = "sha256:77ac2ea80bcb4b4e1c6a596734c775a1615d23e31794967416afc14852a639d3", size = 2172279 },
    { url = "https://files.pythonhosted.org/packages/46/3f/f5bef92b11750af9e3516d4e69736eeeff20a2818d34611508bef5a7b381/pycryptodomex-3.21.0-cp36-abi3-manylinux_2_17_x86_64.manylinux2014_x86_64.whl", hash = "sha256:9aa0cf13a1a1128b3e964dc667e5fe5c6235f7d7cfb0277213f0e2a783837cc2", size = 2258130 },
    { url = "https://files.pythonhosted.org/packages/de/4d/f0c65afd64ce435fd0547187ce6f99dfb37cdde16b05b57bca9f5c06966e/pycryptodomex-3.21.0-cp36-abi3-manylinux_2_5_i686.manylinux1_i686.manylinux_2_17_i686.manylinux2014_i686.whl", hash = "sha256:46eb1f0c8d309da63a2064c28de54e5e614ad17b7e2f88df0faef58ce192fc7b", size = 2297719 },
    { url = "https://files.pythonhosted.org/packages/1c/6a/2a1a101b0345ee70376ba93df8de6c8c01aac8341fda02970800873456a7/pycryptodomex-3.21.0-cp36-abi3-musllinux_1_1_aarch64.whl", hash = "sha256:cc7e111e66c274b0df5f4efa679eb31e23c7545d702333dfd2df10ab02c2a2ce", size = 2164079 },
    { url = "https://files.pythonhosted.org/packages/3d/00/90a15f16c234815b660303c2d7266b41b401ea2605f3a90373e9d425e39f/pycryptodomex-3.21.0-cp36-abi3-musllinux_1_2_i686.whl", hash = "sha256:770d630a5c46605ec83393feaa73a9635a60e55b112e1fb0c3cea84c2897aa0a", size = 2333060 },
    { url = "https://files.pythonhosted.org/packages/61/74/49f5d20c514ccc631b940cc9dfec45dcce418dc84a98463a2e2ebec33904/pycryptodomex-3.21.0-cp36-abi3-musllinux_1_2_x86_64.whl", hash = "sha256:52e23a0a6e61691134aa8c8beba89de420602541afaae70f66e16060fdcd677e", size = 2257982 },
    { url = "https://files.pythonhosted.org/packages/92/4b/d33ef74e2cc0025a259936661bb53432c5bbbadc561c5f2e023bcd73ce4c/pycryptodomex-3.21.0-cp36-abi3-win32.whl", hash = "sha256:a3d77919e6ff56d89aada1bd009b727b874d464cb0e2e3f00a49f7d2e709d76e", size = 1779052 },
    { url = "https://files.pythonhosted.org/packages/5b/be/7c991840af1184009fc86267160948350d1bf875f153c97bb471ad944e40/pycryptodomex-3.21.0-cp36-abi3-win_amd64.whl", hash = "sha256:b0e9765f93fe4890f39875e6c90c96cb341767833cfa767f41b490b506fa9ec0", size = 1816307 },
    { url = "https://files.pythonhosted.org/packages/af/ac/24125ad36778914a36f08d61ba5338cb9159382c638d9761ee19c8de822c/pycryptodomex-3.21.0-pp27-pypy_73-manylinux2010_x86_64.whl", hash = "sha256:feaecdce4e5c0045e7a287de0c4351284391fe170729aa9182f6bd967631b3a8", size = 1694999 },
    { url = "https://files.pythonhosted.org/packages/93/73/be7a54a5903508070e5508925ba94493a1f326cfeecfff750e3eb250ea28/pycryptodomex-3.21.0-pp27-pypy_73-win32.whl", hash = "sha256:365aa5a66d52fd1f9e0530ea97f392c48c409c2f01ff8b9a39c73ed6f527d36c", size = 1769437 },
]

[[package]]
name = "pyjwt"
version = "1.7.1"
source = { registry = "https://pypi.org/simple" }
sdist = { url = "https://files.pythonhosted.org/packages/2f/38/ff37a24c0243c5f45f5798bd120c0f873eeed073994133c084e1cf13b95c/PyJWT-1.7.1.tar.gz", hash = "sha256:8d59a976fb773f3e6a39c85636357c4f0e242707394cadadd9814f5cbaa20e96", size = 41979 }
wheels = [
    { url = "https://files.pythonhosted.org/packages/87/8b/6a9f14b5f781697e51259d81657e6048fd31a113229cf346880bb7545565/PyJWT-1.7.1-py2.py3-none-any.whl", hash = "sha256:5c6eca3c2940464d106b99ba83b00c6add741c9becaec087fb7ccdefea71350e", size = 18928 },
]

[[package]]
name = "pyopenssl"
version = "19.1.0"
source = { registry = "https://pypi.org/simple" }
dependencies = [
    { name = "cryptography" },
    { name = "six" },
]
sdist = { url = "https://files.pythonhosted.org/packages/0d/1d/6cc4bd4e79f78be6640fab268555a11af48474fac9df187c3361a1d1d2f0/pyOpenSSL-19.1.0.tar.gz", hash = "sha256:9a24494b2602aaf402be5c9e30a0b82d4a5c67528fe8fb475e3f3bc00dd69507", size = 160510 }
wheels = [
    { url = "https://files.pythonhosted.org/packages/9e/de/f8342b68fa9e981d348039954657bdf681b2ab93de27443be51865ffa310/pyOpenSSL-19.1.0-py2.py3-none-any.whl", hash = "sha256:621880965a720b8ece2f1b2f54ea2071966ab00e2970ad2ce11d596102063504", size = 53749 },
]

[[package]]
name = "pytest"
version = "8.3.3"
source = { registry = "https://pypi.org/simple" }
dependencies = [
    { name = "colorama", marker = "sys_platform == 'win32'" },
    { name = "iniconfig" },
    { name = "packaging" },
    { name = "pluggy" },
]
sdist = { url = "https://files.pythonhosted.org/packages/8b/6c/62bbd536103af674e227c41a8f3dcd022d591f6eed5facb5a0f31ee33bbc/pytest-8.3.3.tar.gz", hash = "sha256:70b98107bd648308a7952b06e6ca9a50bc660be218d53c257cc1fc94fda10181", size = 1442487 }
wheels = [
    { url = "https://files.pythonhosted.org/packages/6b/77/7440a06a8ead44c7757a64362dd22df5760f9b12dc5f11b6188cd2fc27a0/pytest-8.3.3-py3-none-any.whl", hash = "sha256:a6853c7375b2663155079443d2e45de913a911a11d669df02a50814944db57b2", size = 342341 },
]

[[package]]
name = "python-dateutil"
version = "2.9.0.post0"
source = { registry = "https://pypi.org/simple" }
dependencies = [
    { name = "six" },
]
sdist = { url = "https://files.pythonhosted.org/packages/66/c0/0c8b6ad9f17a802ee498c46e004a0eb49bc148f2fd230864601a86dcf6db/python-dateutil-2.9.0.post0.tar.gz", hash = "sha256:37dd54208da7e1cd875388217d5e00ebd4179249f90fb72437e91a35459a0ad3", size = 342432 }
wheels = [
    { url = "https://files.pythonhosted.org/packages/ec/57/56b9bcc3c9c6a792fcbaf139543cee77261f3651ca9da0c93f5c1221264b/python_dateutil-2.9.0.post0-py2.py3-none-any.whl", hash = "sha256:a8b2bc7bffae282281c8140a97d3aa9c14da0b136dfe83f850eea9a5f7470427", size = 229892 },
]

[[package]]
name = "pytz"
version = "2018.4"
source = { registry = "https://pypi.org/simple" }
sdist = { url = "https://files.pythonhosted.org/packages/10/76/52efda4ef98e7544321fd8d5d512e11739c1df18b0649551aeccfb1c8376/pytz-2018.4.tar.gz", hash = "sha256:c06425302f2cf668f1bba7a0a03f3c1d34d4ebeef2c72003da308b3947c7f749", size = 308066 }
wheels = [
    { url = "https://files.pythonhosted.org/packages/dc/83/15f7833b70d3e067ca91467ca245bae0f6fe56ddc7451aa0dc5606b120f2/pytz-2018.4-py2.py3-none-any.whl", hash = "sha256:65ae0c8101309c45772196b21b74c46b2e5d11b6275c45d251b150d5da334555", size = 510900 },
]

[[package]]
name = "requests"
version = "2.23.0"
source = { registry = "https://pypi.org/simple" }
dependencies = [
    { name = "certifi" },
    { name = "chardet" },
    { name = "idna" },
    { name = "urllib3" },
]
sdist = { url = "https://files.pythonhosted.org/packages/f5/4f/280162d4bd4d8aad241a21aecff7a6e46891b905a4341e7ab549ebaf7915/requests-2.23.0.tar.gz", hash = "sha256:b3f43d496c6daba4493e7c431722aeb7dbc6288f52a6e04e7b6023b0247817e6", size = 114327 }
wheels = [
    { url = "https://files.pythonhosted.org/packages/1a/70/1935c770cb3be6e3a8b78ced23d7e0f3b187f5cbfab4749523ed65d7c9b1/requests-2.23.0-py2.py3-none-any.whl", hash = "sha256:43999036bfa82904b6af1d99e4882b560e5e2c68e5c4b0aa03b655f3d7d73fee", size = 58406 },
]

[[package]]
name = "s3transfer"
version = "0.2.1"
source = { registry = "https://pypi.org/simple" }
dependencies = [
    { name = "botocore" },
]
sdist = { url = "https://files.pythonhosted.org/packages/39/12/150cd55c606ebca6725683642a8e7068cd6af10f837ce5419a9f16b7fb55/s3transfer-0.2.1.tar.gz", hash = "sha256:6efc926738a3cd576c2a79725fed9afde92378aa5c6a957e3af010cb019fac9d", size = 119635 }
wheels = [
    { url = "https://files.pythonhosted.org/packages/16/8a/1fc3dba0c4923c2a76e1ff0d52b305c44606da63f718d14d3231e21c51b0/s3transfer-0.2.1-py2.py3-none-any.whl", hash = "sha256:b780f2411b824cb541dbcd2c713d0cb61c7d1bcadae204cdddda2b35cef493ba", size = 70155 },
]

[[package]]
name = "simplejson"
version = "3.11.1"
source = { registry = "https://pypi.org/simple" }
sdist = { url = "https://files.pythonhosted.org/packages/08/48/c97b668d6da7d7bebe7ea1817a6f76394b0ec959cb04214ca833c34359df/simplejson-3.11.1.tar.gz", hash = "sha256:01a22d49ddd9a168b136f26cac87d9a335660ce07aa5c630b8e3607d6f4325e7", size = 78145 }

[[package]]
name = "singer-python"
version = "5.9.0"
source = { registry = "https://pypi.org/simple" }
dependencies = [
    { name = "backoff" },
    { name = "ciso8601" },
    { name = "jsonschema" },
    { name = "python-dateutil" },
    { name = "pytz" },
    { name = "simplejson" },
]
sdist = { url = "https://files.pythonhosted.org/packages/d0/93/fc42392119d0901c438c70b6c19568cd5e28bfa4140257007ac2efb36a4c/singer-python-5.9.0.tar.gz", hash = "sha256:54b85914389312db9cf7b2800829e2d1a4b2d5a43a96d677d2a35311499d37c7", size = 24525 }

[[package]]
name = "singer-target-postgres"
version = "0.2.4"
source = { registry = "https://pypi.org/simple" }
dependencies = [
    { name = "arrow" },
    { name = "psycopg2" },
    { name = "psycopg2-binary" },
    { name = "singer-python" },
]
sdist = { url = "https://files.pythonhosted.org/packages/e8/10/01ba32fcf4792f81eda689a5fbe7bd64d3d14dd3a2d2849f24999ed40256/singer-target-postgres-0.2.4.tar.gz", hash = "sha256:93d5c9fe1eba7dae0f38928422b1a58de856ecdb638fd1701de0df19764d38da", size = 32473 }
wheels = [
    { url = "https://files.pythonhosted.org/packages/7f/68/36103b56590f72cb92a150cc52562409043ed6da55ead9ce1c87b396813c/singer_target_postgres-0.2.4-py3-none-any.whl", hash = "sha256:629aa3682b84970260f734b036ca2550dc8a92385bdc10789557af423014f055", size = 46746 },
]

[[package]]
name = "six"
version = "1.16.0"
source = { registry = "https://pypi.org/simple" }
sdist = { url = "https://files.pythonhosted.org/packages/71/39/171f1c67cd00715f190ba0b100d606d440a28c93c7714febeca8b79af85e/six-1.16.0.tar.gz", hash = "sha256:1e61c37477a1626458e36f7b1d82aa5c9b094fa4802892072e49de9c60c4c926", size = 34041 }
wheels = [
    { url = "https://files.pythonhosted.org/packages/d9/5a/e7c31adbe875f2abbb91bd84cf2dc52d792b5a01506781dbcf25c91daf11/six-1.16.0-py2.py3-none-any.whl", hash = "sha256:8abb2f1d86890a2dfb989f9a77cfcfd3e47c2a354b01111771326f8aa26e0254", size = 11053 },
]

[[package]]
name = "snowflake-connector-python"
version = "2.2.5"
source = { registry = "https://pypi.org/simple" }
dependencies = [
    { name = "asn1crypto" },
    { name = "azure-common" },
    { name = "azure-storage-blob" },
    { name = "boto3" },
    { name = "botocore" },
    { name = "certifi" },
    { name = "cffi" },
    { name = "cryptography" },
    { name = "idna" },
    { name = "ijson" },
    { name = "oscrypto" },
    { name = "pycryptodomex" },
    { name = "pyjwt" },
    { name = "pyopenssl" },
    { name = "pytz" },
    { name = "requests" },
    { name = "urllib3" },
]
sdist = { url = "https://files.pythonhosted.org/packages/d0/93/6006e56e6b46cd9db80a34239ccc9f6083ec24260c085e47939057c8620d/snowflake-connector-python-2.2.5.tar.gz", hash = "sha256:2f720c4989b2ad92c1fc3c221f049102155f2d8006527daa15f2b54ecfdaf652", size = 176269 }

[[package]]
name = "spacex-data-pipeline"
version = "0.1.0"
source = { virtual = "." }
dependencies = [
    { name = "cffi" },
    { name = "pandas" },
    { name = "singer-python" },
    { name = "target-snowflake" },
]

[package.optional-dependencies]
dev = [
    { name = "pytest" },
]

[package.metadata]
requires-dist = [
    { name = "cffi", specifier = ">=1.9,<1.14" },
    { name = "pandas", specifier = "<=2.2.3" },
    { name = "pytest", marker = "extra == 'dev'", specifier = ">=6.2.4" },
    { name = "singer-python", specifier = "==5.9.0" },
    { name = "target-snowflake" },
]

[[package]]
name = "target-redshift"
version = "0.2.4"
source = { registry = "https://pypi.org/simple" }
dependencies = [
    { name = "boto3" },
    { name = "singer-target-postgres" },
    { name = "urllib3" },
]
sdist = { url = "https://files.pythonhosted.org/packages/f4/06/e8f9411dee1990a5a4d323bf8090696adc3ee2329bcac4c1e77eed37f385/target-redshift-0.2.4.tar.gz", hash = "sha256:f1fe4c3698c0572f4d141872284f296c32323d529ea96fd477ad39171a35b43a", size = 13397 }
wheels = [
    { url = "https://files.pythonhosted.org/packages/5f/59/6154bdaaeb02641706ba1280517cc36ce5d52ca6981907d369b1f50ad259/target_redshift-0.2.4-py3-none-any.whl", hash = "sha256:9f74976d23b1135ec4250bfd49d6a32c9e95c8fc8c3824bd48cd43e99e2b2a69", size = 21678 },
]

[[package]]
name = "target-snowflake"
version = "0.2.4"
source = { registry = "https://pypi.org/simple" }
dependencies = [
    { name = "botocore" },
    { name = "singer-python" },
    { name = "singer-target-postgres" },
    { name = "snowflake-connector-python" },
    { name = "target-redshift" },
]
sdist = { url = "https://files.pythonhosted.org/packages/23/a2/5b538a1bf49a06d32d33e70022a12e7623dc3375452fe5b9e4396f2c3a7e/target-snowflake-0.2.4.tar.gz", hash = "sha256:09670035c023606646ceeba498fb978549150de272d0783ce763231214cda6ec", size = 15083 }
wheels = [
    { url = "https://files.pythonhosted.org/packages/6c/92/52b365921de6b242f00ef8a3b19d7123d3a42598a44cbd39182e41036f36/target_snowflake-0.2.4-py3-none-any.whl", hash = "sha256:a4872044616c74da2279ee94728cdc7159fac7a5c80479fec161b7aaf0861b76", size = 25324 },
]

[[package]]
name = "urllib3"
version = "1.25.9"
source = { registry = "https://pypi.org/simple" }
sdist = { url = "https://files.pythonhosted.org/packages/05/8c/40cd6949373e23081b3ea20d5594ae523e681b6f472e600fbc95ed046a36/urllib3-1.25.9.tar.gz", hash = "sha256:3018294ebefce6572a474f0604c2021e33b3fd8006ecd11d62107a5d2a963527", size = 254921 }
wheels = [
    { url = "https://files.pythonhosted.org/packages/e1/e5/df302e8017440f111c11cc41a6b432838672f5a70aa29227bf58149dc72f/urllib3-1.25.9-py2.py3-none-any.whl", hash = "sha256:88206b0eb87e6d677d424843ac5209e3fb9d0190d0ee169599165ec25e9d9115", size = 126746 },
]
